// !$*UTF8*$!
{
	archiveVersion = 1;
	classes = {
	};
	objectVersion = 50;
	objects = {

/* Begin PBXBuildFile section */
		414C5EAC238E9C7400EC8C18 /* AppDelegate.swift in Sources */ = {isa = PBXBuildFile; fileRef = 414C5EAB238E9C7400EC8C18 /* AppDelegate.swift */; };
		414C5EAE238E9C7400EC8C18 /* SceneDelegate.swift in Sources */ = {isa = PBXBuildFile; fileRef = 414C5EAD238E9C7400EC8C18 /* SceneDelegate.swift */; };
		414C5EB0238E9C7400EC8C18 /* ViewController.swift in Sources */ = {isa = PBXBuildFile; fileRef = 414C5EAF238E9C7400EC8C18 /* ViewController.swift */; };
		414C5EB3238E9C7400EC8C18 /* Main.storyboard in Resources */ = {isa = PBXBuildFile; fileRef = 414C5EB1238E9C7400EC8C18 /* Main.storyboard */; };
		414C5EB5238E9C7600EC8C18 /* Assets.xcassets in Resources */ = {isa = PBXBuildFile; fileRef = 414C5EB4238E9C7600EC8C18 /* Assets.xcassets */; };
		414C5EB8238E9C7600EC8C18 /* LaunchScreen.storyboard in Resources */ = {isa = PBXBuildFile; fileRef = 414C5EB6238E9C7600EC8C18 /* LaunchScreen.storyboard */; };
/* End PBXBuildFile section */

/* Begin PBXFileReference section */
		414C5EA8238E9C7400EC8C18 /* MVVM-RxSwift.app */ = {isa = PBXFileReference; explicitFileType = wrapper.application; includeInIndex = 0; path = "MVVM-RxSwift.app"; sourceTree = BUILT_PRODUCTS_DIR; };
		414C5EAB238E9C7400EC8C18 /* AppDelegate.swift */ = {isa = PBXFileReference; lastKnownFileType = sourcecode.swift; path = AppDelegate.swift; sourceTree = "<group>"; };
		414C5EAD238E9C7400EC8C18 /* SceneDelegate.swift */ = {isa = PBXFileReference; lastKnownFileType = sourcecode.swift; path = SceneDelegate.swift; sourceTree = "<group>"; };
		414C5EAF238E9C7400EC8C18 /* ViewController.swift */ = {isa = PBXFileReference; lastKnownFileType = sourcecode.swift; path = ViewController.swift; sourceTree = "<group>"; };
		414C5EB2238E9C7400EC8C18 /* Base */ = {isa = PBXFileReference; lastKnownFileType = file.storyboard; name = Base; path = Base.lproj/Main.storyboard; sourceTree = "<group>"; };
		414C5EB4238E9C7600EC8C18 /* Assets.xcassets */ = {isa = PBXFileReference; lastKnownFileType = folder.assetcatalog; path = Assets.xcassets; sourceTree = "<group>"; };
		414C5EB7238E9C7600EC8C18 /* Base */ = {isa = PBXFileReference; lastKnownFileType = file.storyboard; name = Base; path = Base.lproj/LaunchScreen.storyboard; sourceTree = "<group>"; };
		414C5EB9238E9C7600EC8C18 /* Info.plist */ = {isa = PBXFileReference; lastKnownFileType = text.plist.xml; path = Info.plist; sourceTree = "<group>"; };
/* End PBXFileReference section */

/* Begin PBXFrameworksBuildPhase section */
		414C5EA5238E9C7400EC8C18 /* Frameworks */ = {
			isa = PBXFrameworksBuildPhase;
			buildActionMask = 2147483647;
			files = (
			);
			runOnlyForDeploymentPostprocessing = 0;
		};
/* End PBXFrameworksBuildPhase section */

/* Begin PBXGroup section */
		414C5E9F238E9C7400EC8C18 = {
			isa = PBXGroup;
			children = (
				414C5EAA238E9C7400EC8C18 /* MVVM-RxSwift */,
				414C5EA9238E9C7400EC8C18 /* Products */,
			);
			sourceTree = "<group>";
		};
		414C5EA9238E9C7400EC8C18 /* Products */ = {
			isa = PBXGroup;
			children = (
				414C5EA8238E9C7400EC8C18 /* MVVM-RxSwift.app */,
			);
			name = Products;
			sourceTree = "<group>";
		};
		414C5EAA238E9C7400EC8C18 /* MVVM-RxSwift */ = {
			isa = PBXGroup;
			children = (
				414C5EAB238E9C7400EC8C18 /* AppDelegate.swift */,
				414C5EAD238E9C7400EC8C18 /* SceneDelegate.swift */,
				414C5EAF238E9C7400EC8C18 /* ViewController.swift */,
				414C5EB1238E9C7400EC8C18 /* Main.storyboard */,
				414C5EB4238E9C7600EC8C18 /* Assets.xcassets */,
				414C5EB6238E9C7600EC8C18 /* LaunchScreen.storyboard */,
				414C5EB9238E9C7600EC8C18 /* Info.plist */,
			);
			path = "MVVM-RxSwift";
			sourceTree = "<group>";
		};
/* End PBXGroup section */

/* Begin PBXNativeTarget section */
		414C5EA7238E9C7400EC8C18 /* MVVM-RxSwift */ = {
			isa = PBXNativeTarget;
			buildConfigurationList = 414C5EBC238E9C7600EC8C18 /* Build configuration list for PBXNativeTarget "MVVM-RxSwift" */;
			buildPhases = (
				414C5EA4238E9C7400EC8C18 /* Sources */,
				414C5EA5238E9C7400EC8C18 /* Frameworks */,
				414C5EA6238E9C7400EC8C18 /* Resources */,
			);
			buildRules = (
			);
			dependencies = (
			);
			name = "MVVM-RxSwift";
			productName = "MVVM-RxSwift";
			productReference = 414C5EA8238E9C7400EC8C18 /* MVVM-RxSwift.app */;
			productType = "com.apple.product-type.application";
		};
/* End PBXNativeTarget section */

/* Begin PBXProject section */
		414C5EA0238E9C7400EC8C18 /* Project object */ = {
			isa = PBXProject;
			attributes = {
				LastSwiftUpdateCheck = 1110;
				LastUpgradeCheck = 1110;
				ORGANIZATIONNAME = "Ravi Tripathi";
				TargetAttributes = {
					414C5EA7238E9C7400EC8C18 = {
						CreatedOnToolsVersion = 11.1;
					};
				};
			};
			buildConfigurationList = 414C5EA3238E9C7400EC8C18 /* Build configuration list for PBXProject "MVVM-RxSwift" */;
			compatibilityVersion = "Xcode 9.3";
			developmentRegion = en;
			hasScannedForEncodings = 0;
			knownRegions = (
				en,
				Base,
			);
			mainGroup = 414C5E9F238E9C7400EC8C18;
			productRefGroup = 414C5EA9238E9C7400EC8C18 /* Products */;
			projectDirPath = "";
			projectRoot = "";
			targets = (
				414C5EA7238E9C7400EC8C18 /* MVVM-RxSwift */,
			);
		};
/* End PBXProject section */

/* Begin PBXResourcesBuildPhase section */
		414C5EA6238E9C7400EC8C18 /* Resources */ = {
			isa = PBXResourcesBuildPhase;
			buildActionMask = 2147483647;
			files = (
				414C5EB8238E9C7600EC8C18 /* LaunchScreen.storyboard in Resources */,
				414C5EB5238E9C7600EC8C18 /* Assets.xcassets in Resources */,
				414C5EB3238E9C7400EC8C18 /* Main.storyboard in Resources */,
			);
			runOnlyForDeploymentPostprocessing = 0;
		};
/* End PBXResourcesBuildPhase section */

/* Begin PBXSourcesBuildPhase section */
		414C5EA4238E9C7400EC8C18 /* Sources */ = {
			isa = PBXSourcesBuildPhase;
			buildActionMask = 2147483647;
			files = (
				414C5EB0238E9C7400EC8C18 /* ViewController.swift in Sources */,
				414C5EAC238E9C7400EC8C18 /* AppDelegate.swift in Sources */,
				414C5EAE238E9C7400EC8C18 /* SceneDelegate.swift in Sources */,
			);
			runOnlyForDeploymentPostprocessing = 0;
		};
/* End PBXSourcesBuildPhase section */

/* Begin PBXVariantGroup section */
		414C5EB1238E9C7400EC8C18 /* Main.storyboard */ = {
			isa = PBXVariantGroup;
			children = (
				414C5EB2238E9C7400EC8C18 /* Base */,
			);
			name = Main.storyboard;
			sourceTree = "<group>";
		};
		414C5EB6238E9C7600EC8C18 /* LaunchScreen.storyboard */ = {
			isa = PBXVariantGroup;
			children = (
				414C5EB7238E9C7600EC8C18 /* Base */,
			);
			name = LaunchScreen.storyboard;
			sourceTree = "<group>";
		};
/* End PBXVariantGroup section */

/* Begin XCBuildConfiguration section */
		414C5EBA238E9C7600EC8C18 /* Debug */ = {
			isa = XCBuildConfiguration;
			buildSettings = {
				ALWAYS_SEARCH_USER_PATHS = NO;
				CLANG_ANALYZER_NONNULL = YES;
				CLANG_ANALYZER_NUMBER_OBJECT_CONVERSION = YES_AGGRESSIVE;
				CLANG_CXX_LANGUAGE_STANDARD = "gnu++14";
				CLANG_CXX_LIBRARY = "libc++";
				CLANG_ENABLE_MODULES = YES;
				CLANG_ENABLE_OBJC_ARC = YES;
				CLANG_ENABLE_OBJC_WEAK = YES;
				CLANG_WARN_BLOCK_CAPTURE_AUTORELEASING = YES;
				CLANG_WARN_BOOL_CONVERSION = YES;
				CLANG_WARN_COMMA = YES;
				CLANG_WARN_CONSTANT_CONVERSION = YES;
				CLANG_WARN_DEPRECATED_OBJC_IMPLEMENTATIONS = YES;
				CLANG_WARN_DIRECT_OBJC_ISA_USAGE = YES_ERROR;
				CLANG_WARN_DOCUMENTATION_COMMENTS = YES;
				CLANG_WARN_EMPTY_BODY = YES;
				CLANG_WARN_ENUM_CONVERSION = YES;
				CLANG_WARN_INFINITE_RECURSION = YES;
				CLANG_WARN_INT_CONVERSION = YES;
				CLANG_WARN_NON_LITERAL_NULL_CONVERSION = YES;
				CLANG_WARN_OBJC_IMPLICIT_RETAIN_SELF = YES;
				CLANG_WARN_OBJC_LITERAL_CONVERSION = YES;
				CLANG_WARN_OBJC_ROOT_CLASS = YES_ERROR;
				CLANG_WARN_RANGE_LOOP_ANALYSIS = YES;
				CLANG_WARN_STRICT_PROTOTYPES = YES;
				CLANG_WARN_SUSPICIOUS_MOVE = YES;
				CLANG_WARN_UNGUARDED_AVAILABILITY = YES_AGGRESSIVE;
				CLANG_WARN_UNREACHABLE_CODE = YES;
				CLANG_WARN__DUPLICATE_METHOD_MATCH = YES;
				COPY_PHASE_STRIP = NO;
				DEBUG_INFORMATION_FORMAT = dwarf;
				ENABLE_STRICT_OBJC_MSGSEND = YES;
				ENABLE_TESTABILITY = YES;
				GCC_C_LANGUAGE_STANDARD = gnu11;
				GCC_DYNAMIC_NO_PIC = NO;
				GCC_NO_COMMON_BLOCKS = YES;
				GCC_OPTIMIZATION_LEVEL = 0;
				GCC_PREPROCESSOR_DEFINITIONS = (
					"DEBUG=1",
					"$(inherited)",
				);
				GCC_WARN_64_TO_32_BIT_CONVERSION = YES;
				GCC_WARN_ABOUT_RETURN_TYPE = YES_ERROR;
				GCC_WARN_UNDECLARED_SELECTOR = YES;
				GCC_WARN_UNINITIALIZED_AUTOS = YES_AGGRESSIVE;
				GCC_WARN_UNUSED_FUNCTION = YES;
				GCC_WARN_UNUSED_VARIABLE = YES;
				IPHONEOS_DEPLOYMENT_TARGET = 13.1;
				MTL_ENABLE_DEBUG_INFO = INCLUDE_SOURCE;
				MTL_FAST_MATH = YES;
				ONLY_ACTIVE_ARCH = YES;
				SDKROOT = iphoneos;
				SWIFT_ACTIVE_COMPILATION_CONDITIONS = DEBUG;
				SWIFT_OPTIMIZATION_LEVEL = "-Onone";
			};
			name = Debug;
		};
		414C5EBB238E9C7600EC8C18 /* Release */ = {
			isa = XCBuildConfiguration;
			buildSettings = {
				ALWAYS_SEARCH_USER_PATHS = NO;
				CLANG_ANALYZER_NONNULL = YES;
				CLANG_ANALYZER_NUMBER_OBJECT_CONVERSION = YES_AGGRESSIVE;
				CLANG_CXX_LANGUAGE_STANDARD = "gnu++14";
				CLANG_CXX_LIBRARY = "libc++";
				CLANG_ENABLE_MODULES = YES;
				CLANG_ENABLE_OBJC_ARC = YES;
				CLANG_ENABLE_OBJC_WEAK = YES;
				CLANG_WARN_BLOCK_CAPTURE_AUTORELEASING = YES;
				CLANG_WARN_BOOL_CONVERSION = YES;
				CLANG_WARN_COMMA = YES;
				CLANG_WARN_CONSTANT_CONVERSION = YES;
				CLANG_WARN_DEPRECATED_OBJC_IMPLEMENTATIONS = YES;
				CLANG_WARN_DIRECT_OBJC_ISA_USAGE = YES_ERROR;
				CLANG_WARN_DOCUMENTATION_COMMENTS = YES;
				CLANG_WARN_EMPTY_BODY = YES;
				CLANG_WARN_ENUM_CONVERSION = YES;
				CLANG_WARN_INFINITE_RECURSION = YES;
				CLANG_WARN_INT_CONVERSION = YES;
				CLANG_WARN_NON_LITERAL_NULL_CONVERSION = YES;
				CLANG_WARN_OBJC_IMPLICIT_RETAIN_SELF = YES;
				CLANG_WARN_OBJC_LITERAL_CONVERSION = YES;
				CLANG_WARN_OBJC_ROOT_CLASS = YES_ERROR;
				CLANG_WARN_RANGE_LOOP_ANALYSIS = YES;
				CLANG_WARN_STRICT_PROTOTYPES = YES;
				CLANG_WARN_SUSPICIOUS_MOVE = YES;
				CLANG_WARN_UNGUARDED_AVAILABILITY = YES_AGGRESSIVE;
				CLANG_WARN_UNREACHABLE_CODE = YES;
				CLANG_WARN__DUPLICATE_METHOD_MATCH = YES;
				COPY_PHASE_STRIP = NO;
				DEBUG_INFORMATION_FORMAT = "dwarf-with-dsym";
				ENABLE_NS_ASSERTIONS = NO;
				ENABLE_STRICT_OBJC_MSGSEND = YES;
				GCC_C_LANGUAGE_STANDARD = gnu11;
				GCC_NO_COMMON_BLOCKS = YES;
				GCC_WARN_64_TO_32_BIT_CONVERSION = YES;
				GCC_WARN_ABOUT_RETURN_TYPE = YES_ERROR;
				GCC_WARN_UNDECLARED_SELECTOR = YES;
				GCC_WARN_UNINITIALIZED_AUTOS = YES_AGGRESSIVE;
				GCC_WARN_UNUSED_FUNCTION = YES;
				GCC_WARN_UNUSED_VARIABLE = YES;
				IPHONEOS_DEPLOYMENT_TARGET = 13.1;
				MTL_ENABLE_DEBUG_INFO = NO;
				MTL_FAST_MATH = YES;
				SDKROOT = iphoneos;
				SWIFT_COMPILATION_MODE = wholemodule;
				SWIFT_OPTIMIZATION_LEVEL = "-O";
				VALIDATE_PRODUCT = YES;
			};
			name = Release;
		};
		414C5EBD238E9C7600EC8C18 /* Debug */ = {
			isa = XCBuildConfiguration;
			buildSettings = {
				ASSETCATALOG_COMPILER_APPICON_NAME = AppIcon;
				CODE_SIGN_STYLE = Automatic;
				DEVELOPMENT_TEAM = D5BVPLX9HM;
				INFOPLIST_FILE = "MVVM-RxSwift/Info.plist";
				LD_RUNPATH_SEARCH_PATHS = (
					"$(inherited)",
					"@executable_path/Frameworks",
				);
				PRODUCT_BUNDLE_IDENTIFIER = "io.github.ravitripathi.MVVM-RxSwift";
				PRODUCT_NAME = "$(TARGET_NAME)";
				SWIFT_VERSION = 5.0;
				TARGETED_DEVICE_FAMILY = "1,2";
			};
			name = Debug;
		};
		414C5EBE238E9C7600EC8C18 /* Release */ = {
			isa = XCBuildConfiguration;
			buildSettings = {
				ASSETCATALOG_COMPILER_APPICON_NAME = AppIcon;
				CODE_SIGN_STYLE = Automatic;
				DEVELOPMENT_TEAM = D5BVPLX9HM;
				INFOPLIST_FILE = "MVVM-RxSwift/Info.plist";
				LD_RUNPATH_SEARCH_PATHS = (
					"$(inherited)",
					"@executable_path/Frameworks",
				);
				PRODUCT_BUNDLE_IDENTIFIER = "io.github.ravitripathi.MVVM-RxSwift";
				PRODUCT_NAME = "$(TARGET_NAME)";
				SWIFT_VERSION = 5.0;
				TARGETED_DEVICE_FAMILY = "1,2";
			};
			name = Release;
		};
/* End XCBuildConfiguration section */

/* Begin XCConfigurationList section */
		414C5EA3238E9C7400EC8C18 /* Build configuration list for PBXProject "MVVM-RxSwift" */ = {
			isa = XCConfigurationList;
			buildConfigurations = (
				414C5EBA238E9C7600EC8C18 /* Debug */,
				414C5EBB238E9C7600EC8C18 /* Release */,
			);
			defaultConfigurationIsVisible = 0;
			defaultConfigurationName = Release;
		};
		414C5EBC238E9C7600EC8C18 /* Build configuration list for PBXNativeTarget "MVVM-RxSwift" */ = {
			isa = XCConfigurationList;
			buildConfigurations = (
				414C5EBD238E9C7600EC8C18 /* Debug */,
				414C5EBE238E9C7600EC8C18 /* Release */,
			);
			defaultConfigurationIsVisible = 0;
			defaultConfigurationName = Release;
		};
/* End XCConfigurationList section */
	};
	rootObject = 414C5EA0238E9C7400EC8C18 /* Project object */;
}
