{
  "object": {
    "pins": [
      {
        "package": "Kingfisher",
        "repositoryURL": "https://github.com/onevcat/Kingfisher",
        "state": {
          "branch": null,
          "revision": "8ef6ca8b1b767ac2400762ed2f2bf75ddea3de5b",
          "version": "5.10.1"
        }
      },
      {
        "package": "RxSwift",
        "repositoryURL": "https://github.com/ReactiveX/RxSwift.git",
        "state": {
          "branch": null,
          "revision": "b3e888b4972d9bc76495dd74d30a8c7fad4b9395",
          "version": "5.0.1"
        }
      }
    ]
  },
  "version": 1
}
